// !$*UTF8*$!
{
	archiveVersion = 1;
	classes = {
	};
	objectVersion = 110;
	objects = {

/* Begin PBXBuildFile section */
		75B20D2DA11DECF2EF66AFA7 /* KurashioWidgetExtension.appex in Embed Foundation Extensions */ = {isa = PBXBuildFile; fileRef = 0786C9B99F5F10A963F3C85F /* KurashioWidgetExtension.appex */; settings = {ATTRIBUTES = (RemoveHeadersOnCopy, ); }; };
		77A2BF9F874CDBDB24A04BB1 /* KurashioWatch.app in Embed Watch Content */ = {isa = PBXBuildFile; fileRef = 962149968FB3FAC0B434C42A /* KurashioWatch.app */; settings = {ATTRIBUTES = (RemoveHeadersOnCopy, ); }; };
		63B3A4548E8411279F72B7DE /* KurashioWatchWidgetExtension.appex in Embed Foundation Extensions */ = {isa = PBXBuildFile; fileRef = 9255CA6C09874A20B8349153 /* KurashioWatchWidgetExtension.appex */; settings = {ATTRIBUTES = (RemoveHeadersOnCopy, ); }; };
/* End PBXBuildFile section */

/* Begin PBXContainerItemProxy section */
		B15E9D4BFDF0869269468A9B /* PBXContainerItemProxy */ = {
			isa = PBXContainerItemProxy;
			containerPortal = 4B52A1E93061842200F8C8D5 /* Project object */;
			proxyType = 1;
			remoteGlobalIDString = 4FFCADDFE12A84120132C906;
			remoteInfo = KurashioWidgetExtension;
		};
		69D4B69A0202BE62EBA37C31 /* PBXContainerItemProxy */ = {
			isa = PBXContainerItemProxy;
			containerPortal = 4B52A1E93061842200F8C8D5 /* Project object */;
			proxyType = 1;
			remoteGlobalIDString = 8ECF0AD2D73066833C461275;
			remoteInfo = KurashioWatch;
		};
		A3E90839E1E3D78F06D49F8E /* PBXContainerItemProxy */ = {
			isa = PBXContainerItemProxy;
			containerPortal = 4B52A1E93061842200F8C8D5 /* Project object */;
			proxyType = 1;
			remoteGlobalIDString = 61508D9C35E8730DFE09F9E8;
			remoteInfo = KurashioWatchWidgetExtension;
		};
/* End PBXContainerItemProxy section */

/* Begin PBXCopyFilesBuildPhase section */
		8AFE7B53F7DD3C161CA2DECD /* Embed Foundation Extensions */ = {
			isa = PBXCopyFilesBuildPhase;
			buildActionMask = 2147483647;
			dstPath = "";
			dstSubfolderSpec = 13;
			files = (
				75B20D2DA11DECF2EF66AFA7 /* KurashioWidgetExtension.appex in Embed Foundation Extensions */,
			);
			name = "Embed Foundation Extensions";
			runOnlyForDeploymentPostprocessing = 0;
		};
		5CBFF58D18104B4242F019FF /* Embed Watch Content */ = {
			isa = PBXCopyFilesBuildPhase;
			buildActionMask = 2147483647;
			dstPath = "$(CONTENTS_FOLDER_PATH)/Watch";
			dstSubfolderSpec = 16;
			files = (
				77A2BF9F874CDBDB24A04BB1 /* KurashioWatch.app in Embed Watch Content */,
			);
			name = "Embed Watch Content";
			runOnlyForDeploymentPostprocessing = 0;
		};
		3FCB4B7706B72A9CF5A8B2DE /* Embed Foundation Extensions */ = {
			isa = PBXCopyFilesBuildPhase;
			buildActionMask = 2147483647;
			dstPath = "";
			dstSubfolderSpec = 13;
			files = (
				63B3A4548E8411279F72B7DE /* KurashioWatchWidgetExtension.appex in Embed Foundation Extensions */,
			);
			name = "Embed Foundation Extensions";
			runOnlyForDeploymentPostprocessing = 0;
		};
/* End PBXCopyFilesBuildPhase section */

/* Begin PBXFileReference section */
		4B52A1F13061842200F8C8D5 /* Kurashio.app */ = {isa = PBXFileReference; explicitFileType = wrapper.application; includeInIndex = 0; path = Kurashio.app; sourceTree = BUILT_PRODUCTS_DIR; };
		0786C9B99F5F10A963F3C85F /* KurashioWidgetExtension.appex */ = {isa = PBXFileReference; explicitFileType = "wrapper.app-extension"; includeInIndex = 0; path = KurashioWidgetExtension.appex; sourceTree = BUILT_PRODUCTS_DIR; };
		962149968FB3FAC0B434C42A /* KurashioWatch.app */ = {isa = PBXFileReference; explicitFileType = wrapper.application; includeInIndex = 0; path = KurashioWatch.app; sourceTree = BUILT_PRODUCTS_DIR; };
		9255CA6C09874A20B8349153 /* KurashioWatchWidgetExtension.appex */ = {isa = PBXFileReference; explicitFileType = "wrapper.app-extension"; includeInIndex = 0; path = KurashioWatchWidgetExtension.appex; sourceTree = BUILT_PRODUCTS_DIR; };
/* End PBXFileReference section */

/* Begin PBXFileSystemSynchronizedBuildFileExceptionSet section */
		9D3E5B7A1C2F4086A5B7E3D1 /* Exceptions for "Kurashio" folder in "Kurashio" target */ = {
			isa = PBXFileSystemSynchronizedBuildFileExceptionSet;
			membershipExceptions = (
				Info.plist,
			);
			target = 4B52A1F03061842200F8C8D5 /* Kurashio */;
		};
		3F1C8A2E7B94D05A6E21C7B3 /* Exceptions for "KurashioWidget" folder in "KurashioWidgetExtension" target */ = {
			isa = PBXFileSystemSynchronizedBuildFileExceptionSet;
			membershipExceptions = (
				Info.plist,
			);
			target = 4FFCADDFE12A84120132C906 /* KurashioWidgetExtension */;
		};
		79E4C84AF400A6BAD9170792 /* Exceptions for "KurashioWatchWidget" folder in "KurashioWatchWidgetExtension" target */ = {
			isa = PBXFileSystemSynchronizedBuildFileExceptionSet;
			membershipExceptions = (
				Info.plist,
			);
			target = 61508D9C35E8730DFE09F9E8 /* KurashioWatchWidgetExtension */;
		};
/* End PBXFileSystemSynchronizedBuildFileExceptionSet section */

/* Begin PBXFileSystemSynchronizedRootGroup section */
		4B52A1F33061842200F8C8D5 /* Kurashio */ = {
			isa = PBXFileSystemSynchronizedRootGroup;
			exceptions = (
				9D3E5B7A1C2F4086A5B7E3D1 /* Exceptions for "Kurashio" folder in "Kurashio" target */,
			);
			path = Kurashio;
			sourceTree = "<group>";
		};
		EABB005DEF35F3465E8D8B37 /* KurashioWidget */ = {
			isa = PBXFileSystemSynchronizedRootGroup;
			exceptions = (
				3F1C8A2E7B94D05A6E21C7B3 /* Exceptions for "KurashioWidget" folder in "KurashioWidgetExtension" target */,
			);
			path = KurashioWidget;
			sourceTree = "<group>";
		};
		0D76B3F7E89B94B8E78BFBBC /* KurashioWatch */ = {
			isa = PBXFileSystemSynchronizedRootGroup;
			path = KurashioWatch;
			sourceTree = "<group>";
		};
		EB13FCCD4DBFF2468453EBAD /* KurashioWatchWidget */ = {
			isa = PBXFileSystemSynchronizedRootGroup;
			exceptions = (
				79E4C84AF400A6BAD9170792 /* Exceptions for "KurashioWatchWidget" folder in "KurashioWatchWidgetExtension" target */,
			);
			path = KurashioWatchWidget;
			sourceTree = "<group>";
		};
/* End PBXFileSystemSynchronizedRootGroup section */

/* Begin PBXFrameworksBuildPhase section */
		4B52A1EE3061842200F8C8D5 /* Frameworks */ = {
			isa = PBXFrameworksBuildPhase;
			files = (
			);
		};
		F705FA5CC5A86A66746A4444 /* Frameworks */ = {
			isa = PBXFrameworksBuildPhase;
			files = (
			);
		};
		ECC6C8AC8424E24E3CE2B556 /* Frameworks */ = {
			isa = PBXFrameworksBuildPhase;
			files = (
			);
		};
		9C801204FA663D49B5530731 /* Frameworks */ = {
			isa = PBXFrameworksBuildPhase;
			files = (
			);
		};
/* End PBXFrameworksBuildPhase section */

/* Begin PBXGroup section */
		4B52A1E83061842200F8C8D5 = {
			isa = PBXGroup;
			children = (
				4B52A1F33061842200F8C8D5 /* Kurashio */,
				EABB005DEF35F3465E8D8B37 /* KurashioWidget */,
				0D76B3F7E89B94B8E78BFBBC /* KurashioWatch */,
				EB13FCCD4DBFF2468453EBAD /* KurashioWatchWidget */,
				4B52A1F23061842200F8C8D5 /* Products */,
			);
			sourceTree = "<group>";
		};
		4B52A1F23061842200F8C8D5 /* Products */ = {
			isa = PBXGroup;
			children = (
				4B52A1F13061842200F8C8D5 /* Kurashio.app */,
				0786C9B99F5F10A963F3C85F /* KurashioWidgetExtension.appex */,
				962149968FB3FAC0B434C42A /* KurashioWatch.app */,
				9255CA6C09874A20B8349153 /* KurashioWatchWidgetExtension.appex */,
			);
			name = Products;
			sourceTree = "<group>";
		};
/* End PBXGroup section */

/* Begin PBXNativeTarget section */
		4B52A1F03061842200F8C8D5 /* Kurashio */ = {
			isa = PBXNativeTarget;
			buildConfigurationList = 4B52A1FC3061842300F8C8D5 /* Build configuration list for PBXNativeTarget "Kurashio" */;
			buildPhases = (
				4B52A1ED3061842200F8C8D5 /* Sources */,
				4B52A1EE3061842200F8C8D5 /* Frameworks */,
				4B52A1EF3061842200F8C8D5 /* Resources */,
				8AFE7B53F7DD3C161CA2DECD /* Embed Foundation Extensions */,
				5CBFF58D18104B4242F019FF /* Embed Watch Content */,
			);
			buildRules = (
			);
			dependencies = (
				7D512CA997F8000B555D02A2 /* PBXTargetDependency */,
				E267063C20AFE6F565E96779 /* PBXTargetDependency */,
			);
			fileSystemSynchronizedGroups = (
				4B52A1F33061842200F8C8D5 /* Kurashio */,
			);
			name = Kurashio;
			productName = Kurashio;
			productReference = 4B52A1F13061842200F8C8D5 /* Kurashio.app */;
			productType = "com.apple.product-type.application";
		};
		4FFCADDFE12A84120132C906 /* KurashioWidgetExtension */ = {
			isa = PBXNativeTarget;
			buildConfigurationList = E936B8D794C063D00950D91A /* Build configuration list for PBXNativeTarget "KurashioWidgetExtension" */;
			buildPhases = (
				A913482FC934E2CC65C74517 /* Sources */,
				F705FA5CC5A86A66746A4444 /* Frameworks */,
				2C457186C3BD642E942AF235 /* Resources */,
			);
			buildRules = (
			);
			dependencies = (
			);
			fileSystemSynchronizedGroups = (
				EABB005DEF35F3465E8D8B37 /* KurashioWidget */,
			);
			name = KurashioWidgetExtension;
			productName = KurashioWidgetExtension;
			productReference = 0786C9B99F5F10A963F3C85F /* KurashioWidgetExtension.appex */;
			productType = "com.apple.product-type.app-extension";
		};
		8ECF0AD2D73066833C461275 /* KurashioWatch */ = {
			isa = PBXNativeTarget;
			buildConfigurationList = 1DDB37E7975464E858E1F5AD /* Build configuration list for PBXNativeTarget "KurashioWatch" */;
			buildPhases = (
				8CDDC94524C4605AD54B4481 /* Sources */,
				ECC6C8AC8424E24E3CE2B556 /* Frameworks */,
				4159B4B1BE1B766A8BA8098B /* Resources */,
				3FCB4B7706B72A9CF5A8B2DE /* Embed Foundation Extensions */,
			);
			buildRules = (
			);
			dependencies = (
				442354082CA1E8F4429E8E3F /* PBXTargetDependency */,
			);
			fileSystemSynchronizedGroups = (
				0D76B3F7E89B94B8E78BFBBC /* KurashioWatch */,
			);
			name = KurashioWatch;
			productName = KurashioWatch;
			productReference = 962149968FB3FAC0B434C42A /* KurashioWatch.app */;
			productType = "com.apple.product-type.application";
		};
		61508D9C35E8730DFE09F9E8 /* KurashioWatchWidgetExtension */ = {
			isa = PBXNativeTarget;
			buildConfigurationList = F6293FFEB763174FBA02A08D /* Build configuration list for PBXNativeTarget "KurashioWatchWidgetExtension" */;
			buildPhases = (
				915B769759A5238464886943 /* Sources */,
				9C801204FA663D49B5530731 /* Frameworks */,
				6AACF6E4E862B82356CADFDA /* Resources */,
			);
			buildRules = (
			);
			dependencies = (
			);
			fileSystemSynchronizedGroups = (
				EB13FCCD4DBFF2468453EBAD /* KurashioWatchWidget */,
			);
			name = KurashioWatchWidgetExtension;
			productName = KurashioWatchWidgetExtension;
			productReference = 9255CA6C09874A20B8349153 /* KurashioWatchWidgetExtension.appex */;
			productType = "com.apple.product-type.app-extension";
		};
/* End PBXNativeTarget section */

/* Begin PBXProject section */
		4B52A1E93061842200F8C8D5 /* Project object */ = {
			isa = PBXProject;
			attributes = {
				BuildIndependentTargetsInParallel = 1;
				LastSwiftUpdateCheck = 2700;
				LastUpgradeCheck = 2700;
				TargetAttributes = {
					4B52A1F03061842200F8C8D5 = {
						CreatedOnToolsVersion = 27.0;
					};
					4FFCADDFE12A84120132C906 = {
						CreatedOnToolsVersion = 27.0;
					};
					8ECF0AD2D73066833C461275 = {
						CreatedOnToolsVersion = 27.0;
					};
					61508D9C35E8730DFE09F9E8 = {
						CreatedOnToolsVersion = 27.0;
					};
				};
			};
			buildConfigurationList = 4B52A1EC3061842200F8C8D5 /* Build configuration list for PBXProject "Kurashio" */;
			developmentRegion = en;
			hasScannedForEncodings = 0;
			knownRegions = (
				en,
				Base,
			);
			mainGroup = 4B52A1E83061842200F8C8D5;
			minimizedProjectReferenceProxies = 1;
			preferredProjectObjectVersion = 77;
			productRefGroup = 4B52A1F23061842200F8C8D5 /* Products */;
			projectDirPath = "";
			projectRoot = "";
			targets = (
				4B52A1F03061842200F8C8D5 /* Kurashio */,
				4FFCADDFE12A84120132C906 /* KurashioWidgetExtension */,
				8ECF0AD2D73066833C461275 /* KurashioWatch */,
				61508D9C35E8730DFE09F9E8 /* KurashioWatchWidgetExtension */,
			);
		};
/* End PBXProject section */

/* Begin PBXResourcesBuildPhase section */
		4B52A1EF3061842200F8C8D5 /* Resources */ = {
			isa = PBXResourcesBuildPhase;
			files = (
			);
		};
		2C457186C3BD642E942AF235 /* Resources */ = {
			isa = PBXResourcesBuildPhase;
			files = (
			);
		};
		4159B4B1BE1B766A8BA8098B /* Resources */ = {
			isa = PBXResourcesBuildPhase;
			files = (
			);
		};
		6AACF6E4E862B82356CADFDA /* Resources */ = {
			isa = PBXResourcesBuildPhase;
			files = (
			);
		};
/* End PBXResourcesBuildPhase section */

/* Begin PBXSourcesBuildPhase section */
		4B52A1ED3061842200F8C8D5 /* Sources */ = {
			isa = PBXSourcesBuildPhase;
			files = (
			);
		};
		A913482FC934E2CC65C74517 /* Sources */ = {
			isa = PBXSourcesBuildPhase;
			files = (
			);
		};
		8CDDC94524C4605AD54B4481 /* Sources */ = {
			isa = PBXSourcesBuildPhase;
			files = (
			);
		};
		915B769759A5238464886943 /* Sources */ = {
			isa = PBXSourcesBuildPhase;
			files = (
			);
		};
/* End PBXSourcesBuildPhase section */

/* Begin PBXTargetDependency section */
		7D512CA997F8000B555D02A2 /* PBXTargetDependency */ = {
			isa = PBXTargetDependency;
			target = 4FFCADDFE12A84120132C906 /* KurashioWidgetExtension */;
			targetProxy = B15E9D4BFDF0869269468A9B /* PBXContainerItemProxy */;
		};
		E267063C20AFE6F565E96779 /* PBXTargetDependency */ = {
			isa = PBXTargetDependency;
			target = 8ECF0AD2D73066833C461275 /* KurashioWatch */;
			targetProxy = 69D4B69A0202BE62EBA37C31 /* PBXContainerItemProxy */;
		};
		442354082CA1E8F4429E8E3F /* PBXTargetDependency */ = {
			isa = PBXTargetDependency;
			target = 61508D9C35E8730DFE09F9E8 /* KurashioWatchWidgetExtension */;
			targetProxy = A3E90839E1E3D78F06D49F8E /* PBXContainerItemProxy */;
		};
/* End PBXTargetDependency section */

/* Begin XCBuildConfiguration section */
		4B52A1FA3061842300F8C8D5 /* Debug configuration for PBXProject "Kurashio" */ = {
			isa = XCBuildConfiguration;
			buildSettings = {
				ALWAYS_SEARCH_USER_PATHS = NO;
				ASSETCATALOG_COMPILER_GENERATE_SWIFT_ASSET_SYMBOL_EXTENSIONS = YES;
				CLANG_ANALYZER_NONNULL = YES;
				CLANG_ANALYZER_NUMBER_OBJECT_CONVERSION = YES_AGGRESSIVE;
				CLANG_CXX_LANGUAGE_STANDARD = "gnu++20";
				CLANG_ENABLE_MODULES = YES;
				CLANG_ENABLE_OBJC_ARC = YES;
				CLANG_ENABLE_OBJC_WEAK = YES;
				CLANG_WARN_BLOCK_CAPTURE_AUTORELEASING = YES;
				CLANG_WARN_BOOL_CONVERSION = YES;
				CLANG_WARN_COMMA = YES;
				CLANG_WARN_CONSTANT_CONVERSION = YES;
				CLANG_WARN_DEPRECATED_OBJC_IMPLEMENTATIONS = YES;
				CLANG_WARN_DIRECT_OBJC_ISA_USAGE = YES_ERROR;
				CLANG_WARN_DOCUMENTATION_COMMENTS = YES;
				CLANG_WARN_EMPTY_BODY = YES;
				CLANG_WARN_ENUM_CONVERSION = YES;
				CLANG_WARN_INFINITE_RECURSION = YES;
				CLANG_WARN_INT_CONVERSION = YES;
				CLANG_WARN_NON_LITERAL_NULL_CONVERSION = YES;
				CLANG_WARN_OBJC_IMPLICIT_RETAIN_SELF = YES;
				CLANG_WARN_OBJC_LITERAL_CONVERSION = YES;
				CLANG_WARN_OBJC_ROOT_CLASS = YES_ERROR;
				CLANG_WARN_QUOTED_INCLUDE_IN_FRAMEWORK_HEADER = YES;
				CLANG_WARN_RANGE_LOOP_ANALYSIS = YES;
				CLANG_WARN_STRICT_PROTOTYPES = YES;
				CLANG_WARN_SUSPICIOUS_MOVE = YES;
				CLANG_WARN_UNGUARDED_AVAILABILITY = YES_AGGRESSIVE;
				CLANG_WARN_UNREACHABLE_CODE = YES;
				CLANG_WARN__DUPLICATE_METHOD_MATCH = YES;
				COPY_PHASE_STRIP = NO;
				DEBUG_INFORMATION_FORMAT = dwarf;
				DEVELOPMENT_TEAM = 6AA3WFTR94;
				ENABLE_STRICT_OBJC_MSGSEND = YES;
				ENABLE_TESTABILITY = YES;
				ENABLE_USER_SCRIPT_SANDBOXING = YES;
				GCC_C_LANGUAGE_STANDARD = gnu17;
				GCC_DYNAMIC_NO_PIC = NO;
				GCC_NO_COMMON_BLOCKS = YES;
				GCC_OPTIMIZATION_LEVEL = 0;
				GCC_PREPROCESSOR_DEFINITIONS = (
					"DEBUG=1",
					"$(inherited)",
				);
				GCC_WARN_64_TO_32_BIT_CONVERSION = YES;
				GCC_WARN_ABOUT_RETURN_TYPE = YES_ERROR;
				GCC_WARN_UNDECLARED_SELECTOR = YES;
				GCC_WARN_UNINITIALIZED_AUTOS = YES_AGGRESSIVE;
				GCC_WARN_UNUSED_FUNCTION = YES;
				GCC_WARN_UNUSED_VARIABLE = YES;
				IPHONEOS_DEPLOYMENT_TARGET = 18.0;
				LOCALIZATION_PREFERS_STRING_CATALOGS = YES;
				MTL_ENABLE_DEBUG_INFO = INCLUDE_SOURCE;
				MTL_FAST_MATH = YES;
				ONLY_ACTIVE_ARCH = YES;
				SDKROOT = iphoneos;
				SWIFT_ACTIVE_COMPILATION_CONDITIONS = "DEBUG $(inherited)";
				SWIFT_OPTIMIZATION_LEVEL = "-Onone";
			};
			name = Debug;
		};
		4B52A1FB3061842300F8C8D5 /* Release configuration for PBXProject "Kurashio" */ = {
			isa = XCBuildConfiguration;
			buildSettings = {
				ALWAYS_SEARCH_USER_PATHS = NO;
				ASSETCATALOG_COMPILER_GENERATE_SWIFT_ASSET_SYMBOL_EXTENSIONS = YES;
				CLANG_ANALYZER_NONNULL = YES;
				CLANG_ANALYZER_NUMBER_OBJECT_CONVERSION = YES_AGGRESSIVE;
				CLANG_CXX_LANGUAGE_STANDARD = "gnu++20";
				CLANG_ENABLE_MODULES = YES;
				CLANG_ENABLE_OBJC_ARC = YES;
				CLANG_ENABLE_OBJC_WEAK = YES;
				CLANG_WARN_BLOCK_CAPTURE_AUTORELEASING = YES;
				CLANG_WARN_BOOL_CONVERSION = YES;
				CLANG_WARN_COMMA = YES;
				CLANG_WARN_CONSTANT_CONVERSION = YES;
				CLANG_WARN_DEPRECATED_OBJC_IMPLEMENTATIONS = YES;
				CLANG_WARN_DIRECT_OBJC_ISA_USAGE = YES_ERROR;
				CLANG_WARN_DOCUMENTATION_COMMENTS = YES;
				CLANG_WARN_EMPTY_BODY = YES;
				CLANG_WARN_ENUM_CONVERSION = YES;
				CLANG_WARN_INFINITE_RECURSION = YES;
				CLANG_WARN_INT_CONVERSION = YES;
				CLANG_WARN_NON_LITERAL_NULL_CONVERSION = YES;
				CLANG_WARN_OBJC_IMPLICIT_RETAIN_SELF = YES;
				CLANG_WARN_OBJC_LITERAL_CONVERSION = YES;
				CLANG_WARN_OBJC_ROOT_CLASS = YES_ERROR;
				CLANG_WARN_QUOTED_INCLUDE_IN_FRAMEWORK_HEADER = YES;
				CLANG_WARN_RANGE_LOOP_ANALYSIS = YES;
				CLANG_WARN_STRICT_PROTOTYPES = YES;
				CLANG_WARN_SUSPICIOUS_MOVE = YES;
				CLANG_WARN_UNGUARDED_AVAILABILITY = YES_AGGRESSIVE;
				CLANG_WARN_UNREACHABLE_CODE = YES;
				CLANG_WARN__DUPLICATE_METHOD_MATCH = YES;
				COPY_PHASE_STRIP = NO;
				DEBUG_INFORMATION_FORMAT = "dwarf-with-dsym";
				DEVELOPMENT_TEAM = 6AA3WFTR94;
				ENABLE_NS_ASSERTIONS = NO;
				ENABLE_STRICT_OBJC_MSGSEND = YES;
				ENABLE_USER_SCRIPT_SANDBOXING = YES;
				GCC_C_LANGUAGE_STANDARD = gnu17;
				GCC_NO_COMMON_BLOCKS = YES;
				GCC_WARN_64_TO_32_BIT_CONVERSION = YES;
				GCC_WARN_ABOUT_RETURN_TYPE = YES_ERROR;
				GCC_WARN_UNDECLARED_SELECTOR = YES;
				GCC_WARN_UNINITIALIZED_AUTOS = YES_AGGRESSIVE;
				GCC_WARN_UNUSED_FUNCTION = YES;
				GCC_WARN_UNUSED_VARIABLE = YES;
				IPHONEOS_DEPLOYMENT_TARGET = 18.0;
				LOCALIZATION_PREFERS_STRING_CATALOGS = YES;
				MTL_ENABLE_DEBUG_INFO = NO;
				MTL_FAST_MATH = YES;
				SDKROOT = iphoneos;
				SWIFT_COMPILATION_MODE = wholemodule;
				VALIDATE_PRODUCT = YES;
			};
			name = Release;
		};
		4B52A1FD3061842300F8C8D5 /* Debug configuration for PBXNativeTarget "Kurashio" */ = {
			isa = XCBuildConfiguration;
			buildSettings = {
				ASSETCATALOG_COMPILER_APPICON_NAME = AppIcon;
				ASSETCATALOG_COMPILER_GLOBAL_ACCENT_COLOR_NAME = AccentColor;
				CODE_SIGN_ENTITLEMENTS = Kurashio/Kurashio.entitlements;
				CODE_SIGN_STYLE = Automatic;
				CURRENT_PROJECT_VERSION = 1;
				DEVELOPMENT_TEAM = 6AA3WFTR94;
				ENABLE_PREVIEWS = YES;
				INFOPLIST_KEY_ITSAppUsesNonExemptEncryption = NO;
				INFOPLIST_KEY_LSApplicationCategoryType = "public.app-category.lifestyle";
				GENERATE_INFOPLIST_FILE = YES;
				INFOPLIST_KEY_CFBundleDisplayName = kurashio;
				INFOPLIST_FILE = Kurashio/Info.plist;
				INFOPLIST_KEY_UIApplicationSceneManifest_Generation = NO;
				INFOPLIST_KEY_UIApplicationSupportsIndirectInputEvents = YES;
				INFOPLIST_KEY_UILaunchScreen_Generation = YES;
				INFOPLIST_KEY_UISupportedInterfaceOrientations_iPhone = UIInterfaceOrientationPortrait;
				INFOPLIST_KEY_UISupportedInterfaceOrientations_iPad = "UIInterfaceOrientationPortrait UIInterfaceOrientationPortraitUpsideDown UIInterfaceOrientationLandscapeLeft UIInterfaceOrientationLandscapeRight";
				LD_RUNPATH_SEARCH_PATHS = (
					"$(inherited)",
					"@executable_path/Frameworks",
				);
				MARKETING_VERSION = 4.37.2;
				PRODUCT_BUNDLE_IDENTIFIER = com.gucchii.kurashio;
				PRODUCT_NAME = "$(TARGET_NAME)";
				STRING_CATALOG_GENERATE_SYMBOLS = YES;
				SWIFT_APPROACHABLE_CONCURRENCY = YES;
				SWIFT_DEFAULT_ACTOR_ISOLATION = MainActor;
				SWIFT_EMIT_LOC_STRINGS = YES;
				SWIFT_UPCOMING_FEATURE_MEMBER_IMPORT_VISIBILITY = YES;
				SWIFT_VERSION = 5.0;
				TARGETED_DEVICE_FAMILY = "1,2";
			};
			name = Debug;
		};
		4B52A1FE3061842300F8C8D5 /* Release configuration for PBXNativeTarget "Kurashio" */ = {
			isa = XCBuildConfiguration;
			buildSettings = {
				ASSETCATALOG_COMPILER_APPICON_NAME = AppIcon;
				ASSETCATALOG_COMPILER_GLOBAL_ACCENT_COLOR_NAME = AccentColor;
				CODE_SIGN_ENTITLEMENTS = Kurashio/Kurashio.entitlements;
				CODE_SIGN_STYLE = Automatic;
				CURRENT_PROJECT_VERSION = 1;
				DEVELOPMENT_TEAM = 6AA3WFTR94;
				ENABLE_PREVIEWS = YES;
				INFOPLIST_KEY_ITSAppUsesNonExemptEncryption = NO;
				INFOPLIST_KEY_LSApplicationCategoryType = "public.app-category.lifestyle";
				GENERATE_INFOPLIST_FILE = YES;
				INFOPLIST_KEY_CFBundleDisplayName = kurashio;
				INFOPLIST_FILE = Kurashio/Info.plist;
				INFOPLIST_KEY_UIApplicationSceneManifest_Generation = NO;
				INFOPLIST_KEY_UIApplicationSupportsIndirectInputEvents = YES;
				INFOPLIST_KEY_UILaunchScreen_Generation = YES;
				INFOPLIST_KEY_UISupportedInterfaceOrientations_iPhone = UIInterfaceOrientationPortrait;
				INFOPLIST_KEY_UISupportedInterfaceOrientations_iPad = "UIInterfaceOrientationPortrait UIInterfaceOrientationPortraitUpsideDown UIInterfaceOrientationLandscapeLeft UIInterfaceOrientationLandscapeRight";
				LD_RUNPATH_SEARCH_PATHS = (
					"$(inherited)",
					"@executable_path/Frameworks",
				);
				MARKETING_VERSION = 4.37.2;
				PRODUCT_BUNDLE_IDENTIFIER = com.gucchii.kurashio;
				PRODUCT_NAME = "$(TARGET_NAME)";
				STRING_CATALOG_GENERATE_SYMBOLS = YES;
				SWIFT_APPROACHABLE_CONCURRENCY = YES;
				SWIFT_DEFAULT_ACTOR_ISOLATION = MainActor;
				SWIFT_EMIT_LOC_STRINGS = YES;
				SWIFT_UPCOMING_FEATURE_MEMBER_IMPORT_VISIBILITY = YES;
				SWIFT_VERSION = 5.0;
				TARGETED_DEVICE_FAMILY = "1,2";
			};
			name = Release;
		};
		166328FEE0C84C5FDC93FC7A /* Debug configuration for PBXNativeTarget "KurashioWidgetExtension" */ = {
			isa = XCBuildConfiguration;
			buildSettings = {
				CODE_SIGN_ENTITLEMENTS = KurashioWidget/KurashioWidget.entitlements;
				CODE_SIGN_STYLE = Automatic;
				CURRENT_PROJECT_VERSION = 1;
				DEVELOPMENT_TEAM = 6AA3WFTR94;
				GENERATE_INFOPLIST_FILE = YES;
				INFOPLIST_KEY_CFBundleDisplayName = kurashio;
				INFOPLIST_FILE = KurashioWidget/Info.plist;
				IPHONEOS_DEPLOYMENT_TARGET = 18.0;
				LD_RUNPATH_SEARCH_PATHS = (
					"$(inherited)",
					"@executable_path/Frameworks",
					"@executable_path/../../Frameworks",
				);
				MARKETING_VERSION = 4.37.2;
				PRODUCT_BUNDLE_IDENTIFIER = com.gucchii.kurashio.KurashioWidget;
				PRODUCT_NAME = "$(TARGET_NAME)";
				SKIP_INSTALL = YES;
				SWIFT_APPROACHABLE_CONCURRENCY = YES;
				SWIFT_DEFAULT_ACTOR_ISOLATION = MainActor;
				SWIFT_EMIT_LOC_STRINGS = YES;
				SWIFT_UPCOMING_FEATURE_MEMBER_IMPORT_VISIBILITY = YES;
				SWIFT_VERSION = 5.0;
				TARGETED_DEVICE_FAMILY = 1;
			};
			name = Debug;
		};
		ED8E3231BFFDC6F550AF6890 /* Release configuration for PBXNativeTarget "KurashioWidgetExtension" */ = {
			isa = XCBuildConfiguration;
			buildSettings = {
				CODE_SIGN_ENTITLEMENTS = KurashioWidget/KurashioWidget.entitlements;
				CODE_SIGN_STYLE = Automatic;
				CURRENT_PROJECT_VERSION = 1;
				DEVELOPMENT_TEAM = 6AA3WFTR94;
				GENERATE_INFOPLIST_FILE = YES;
				INFOPLIST_KEY_CFBundleDisplayName = kurashio;
				INFOPLIST_FILE = KurashioWidget/Info.plist;
				IPHONEOS_DEPLOYMENT_TARGET = 18.0;
				LD_RUNPATH_SEARCH_PATHS = (
					"$(inherited)",
					"@executable_path/Frameworks",
					"@executable_path/../../Frameworks",
				);
				MARKETING_VERSION = 4.37.2;
				PRODUCT_BUNDLE_IDENTIFIER = com.gucchii.kurashio.KurashioWidget;
				PRODUCT_NAME = "$(TARGET_NAME)";
				SKIP_INSTALL = YES;
				SWIFT_APPROACHABLE_CONCURRENCY = YES;
				SWIFT_DEFAULT_ACTOR_ISOLATION = MainActor;
				SWIFT_EMIT_LOC_STRINGS = YES;
				SWIFT_UPCOMING_FEATURE_MEMBER_IMPORT_VISIBILITY = YES;
				SWIFT_VERSION = 5.0;
				TARGETED_DEVICE_FAMILY = 1;
			};
			name = Release;
		};
		88E03D2788FDBAB8D0283A39 /* Debug configuration for PBXNativeTarget "KurashioWatch" */ = {
			isa = XCBuildConfiguration;
			buildSettings = {
				ASSETCATALOG_COMPILER_APPICON_NAME = AppIcon;
				CODE_SIGN_ENTITLEMENTS = KurashioWatch/KurashioWatch.entitlements;
				CODE_SIGN_STYLE = Automatic;
				CURRENT_PROJECT_VERSION = 1;
				DEVELOPMENT_TEAM = 6AA3WFTR94;
				GENERATE_INFOPLIST_FILE = YES;
				INFOPLIST_KEY_CFBundleDisplayName = kurashio;
				INFOPLIST_KEY_WKApplication = YES;
				INFOPLIST_KEY_WKCompanionAppBundleIdentifier = com.gucchii.kurashio;
				LD_RUNPATH_SEARCH_PATHS = (
					"$(inherited)",
					"@executable_path/Frameworks",
				);
				MARKETING_VERSION = 4.37.2;
				PRODUCT_BUNDLE_IDENTIFIER = com.gucchii.kurashio.watchkitapp;
				PRODUCT_NAME = "$(TARGET_NAME)";
				SDKROOT = watchos;
				SKIP_INSTALL = YES;
				SUPPORTED_PLATFORMS = "watchos watchsimulator";
				SWIFT_EMIT_LOC_STRINGS = YES;
				SWIFT_VERSION = 5.0;
				TARGETED_DEVICE_FAMILY = 4;
				WATCHOS_DEPLOYMENT_TARGET = 11.0;
			};
			name = Debug;
		};
		410566F41CA81037D7A6A348 /* Release configuration for PBXNativeTarget "KurashioWatch" */ = {
			isa = XCBuildConfiguration;
			buildSettings = {
				ASSETCATALOG_COMPILER_APPICON_NAME = AppIcon;
				CODE_SIGN_ENTITLEMENTS = KurashioWatch/KurashioWatch.entitlements;
				CODE_SIGN_STYLE = Automatic;
				CURRENT_PROJECT_VERSION = 1;
				DEVELOPMENT_TEAM = 6AA3WFTR94;
				GENERATE_INFOPLIST_FILE = YES;
				INFOPLIST_KEY_CFBundleDisplayName = kurashio;
				INFOPLIST_KEY_WKApplication = YES;
				INFOPLIST_KEY_WKCompanionAppBundleIdentifier = com.gucchii.kurashio;
				LD_RUNPATH_SEARCH_PATHS = (
					"$(inherited)",
					"@executable_path/Frameworks",
				);
				MARKETING_VERSION = 4.37.2;
				PRODUCT_BUNDLE_IDENTIFIER = com.gucchii.kurashio.watchkitapp;
				PRODUCT_NAME = "$(TARGET_NAME)";
				SDKROOT = watchos;
				SKIP_INSTALL = YES;
				SUPPORTED_PLATFORMS = "watchos watchsimulator";
				SWIFT_EMIT_LOC_STRINGS = YES;
				SWIFT_VERSION = 5.0;
				TARGETED_DEVICE_FAMILY = 4;
				WATCHOS_DEPLOYMENT_TARGET = 11.0;
			};
			name = Release;
		};
		A060F46A9C559023EAEB1036 /* Debug configuration for PBXNativeTarget "KurashioWatchWidgetExtension" */ = {
			isa = XCBuildConfiguration;
			buildSettings = {
				CODE_SIGN_ENTITLEMENTS = KurashioWatchWidget/KurashioWatchWidget.entitlements;
				CODE_SIGN_STYLE = Automatic;
				CURRENT_PROJECT_VERSION = 1;
				DEVELOPMENT_TEAM = 6AA3WFTR94;
				GENERATE_INFOPLIST_FILE = YES;
				INFOPLIST_FILE = KurashioWatchWidget/Info.plist;
				INFOPLIST_KEY_CFBundleDisplayName = kurashio;
				INFOPLIST_KEY_WKWidgetAppBundleIdentifier = com.gucchii.kurashio.watchkitapp;
				LD_RUNPATH_SEARCH_PATHS = (
					"$(inherited)",
					"@executable_path/Frameworks",
					"@executable_path/../../Frameworks",
				);
				MARKETING_VERSION = 4.37.2;
				PRODUCT_BUNDLE_IDENTIFIER = com.gucchii.kurashio.watchkitapp.KurashioWatchWidget;
				PRODUCT_NAME = "$(TARGET_NAME)";
				SDKROOT = watchos;
				SKIP_INSTALL = YES;
				SUPPORTED_PLATFORMS = "watchos watchsimulator";
				SWIFT_EMIT_LOC_STRINGS = YES;
				SWIFT_VERSION = 5.0;
				TARGETED_DEVICE_FAMILY = 4;
				WATCHOS_DEPLOYMENT_TARGET = 11.0;
			};
			name = Debug;
		};
		E518592DE64A0C2BC0DEDC58 /* Release configuration for PBXNativeTarget "KurashioWatchWidgetExtension" */ = {
			isa = XCBuildConfiguration;
			buildSettings = {
				CODE_SIGN_ENTITLEMENTS = KurashioWatchWidget/KurashioWatchWidget.entitlements;
				CODE_SIGN_STYLE = Automatic;
				CURRENT_PROJECT_VERSION = 1;
				DEVELOPMENT_TEAM = 6AA3WFTR94;
				GENERATE_INFOPLIST_FILE = YES;
				INFOPLIST_FILE = KurashioWatchWidget/Info.plist;
				INFOPLIST_KEY_CFBundleDisplayName = kurashio;
				INFOPLIST_KEY_WKWidgetAppBundleIdentifier = com.gucchii.kurashio.watchkitapp;
				LD_RUNPATH_SEARCH_PATHS = (
					"$(inherited)",
					"@executable_path/Frameworks",
					"@executable_path/../../Frameworks",
				);
				MARKETING_VERSION = 4.37.2;
				PRODUCT_BUNDLE_IDENTIFIER = com.gucchii.kurashio.watchkitapp.KurashioWatchWidget;
				PRODUCT_NAME = "$(TARGET_NAME)";
				SDKROOT = watchos;
				SKIP_INSTALL = YES;
				SUPPORTED_PLATFORMS = "watchos watchsimulator";
				SWIFT_EMIT_LOC_STRINGS = YES;
				SWIFT_VERSION = 5.0;
				TARGETED_DEVICE_FAMILY = 4;
				WATCHOS_DEPLOYMENT_TARGET = 11.0;
			};
			name = Release;
		};
/* End XCBuildConfiguration section */

/* Begin XCConfigurationList section */
		4B52A1EC3061842200F8C8D5 /* Build configuration list for PBXProject "Kurashio" */ = {
			isa = XCConfigurationList;
			buildConfigurations = (
				4B52A1FA3061842300F8C8D5 /* Debug configuration for PBXProject "Kurashio" */,
				4B52A1FB3061842300F8C8D5 /* Release configuration for PBXProject "Kurashio" */,
			);
			defaultConfigurationName = Release;
		};
		4B52A1FC3061842300F8C8D5 /* Build configuration list for PBXNativeTarget "Kurashio" */ = {
			isa = XCConfigurationList;
			buildConfigurations = (
				4B52A1FD3061842300F8C8D5 /* Debug configuration for PBXNativeTarget "Kurashio" */,
				4B52A1FE3061842300F8C8D5 /* Release configuration for PBXNativeTarget "Kurashio" */,
			);
			defaultConfigurationName = Release;
		};
		E936B8D794C063D00950D91A /* Build configuration list for PBXNativeTarget "KurashioWidgetExtension" */ = {
			isa = XCConfigurationList;
			buildConfigurations = (
				166328FEE0C84C5FDC93FC7A /* Debug configuration for PBXNativeTarget "KurashioWidgetExtension" */,
				ED8E3231BFFDC6F550AF6890 /* Release configuration for PBXNativeTarget "KurashioWidgetExtension" */,
			);
			defaultConfigurationName = Release;
		};
		1DDB37E7975464E858E1F5AD /* Build configuration list for PBXNativeTarget "KurashioWatch" */ = {
			isa = XCConfigurationList;
			buildConfigurations = (
				88E03D2788FDBAB8D0283A39 /* Debug configuration for PBXNativeTarget "KurashioWatch" */,
				410566F41CA81037D7A6A348 /* Release configuration for PBXNativeTarget "KurashioWatch" */,
			);
			defaultConfigurationName = Release;
		};
		F6293FFEB763174FBA02A08D /* Build configuration list for PBXNativeTarget "KurashioWatchWidgetExtension" */ = {
			isa = XCConfigurationList;
			buildConfigurations = (
				A060F46A9C559023EAEB1036 /* Debug configuration for PBXNativeTarget "KurashioWatchWidgetExtension" */,
				E518592DE64A0C2BC0DEDC58 /* Release configuration for PBXNativeTarget "KurashioWatchWidgetExtension" */,
			);
			defaultConfigurationName = Release;
		};
/* End XCConfigurationList section */
	};
	rootObject = 4B52A1E93061842200F8C8D5 /* Project object */;
	validationLevel = 1;
}
